{
  "name": "novenyfigyelo-functions",
  "lockfileVersion": 1,
  "requires": true,
  "dependencies": {
    "firebase-admin": {
      "version": "11.10.1",
      "resolved": "https://registry.npmjs.org/firebase-admin/-/firebase-admin-11.10.1.tgz",
      "integrity": "sha512-ctwZ0pX2dlA+Ip0jV5B1aqj8hYpab8eI7C8Qj4tibUPo9HCSFsSrB2HhH2i8O/7Ka3iv6YeK7PIjk8cJWGQIrA==",
      "requires": {
        "@fastify/busboy": "^1.2.1",
        "@google-cloud/firestore": "^6.5.0",
        "@google-cloud/storage": "^7.6.0",
        "jsonwebtoken": "^9.0.0",
        "node-fetch": "^2.6.7"
      }
    },
    "node-fetch": {
      "version": "2.6.7",
      "resolved": "https://registry.npmjs.org/node-fetch/-/node-fetch-2.6.7.tgz",
      "integrity": "sha512-4gfI0O55wzVSPdeI6BKuxzWbtKZzjz04zOgl+EJ8kPpiMBsPuZC4W2Bbf8bXRy5lO7E8h4L7u8U+Z2r9uG6IA=="
    }
  }
}
